
Microsoft Visual Studio Solution File, Format Version 12.00
# Visual Studio 15
VisualStudioVersion = 15.0.28307.329
MinimumVisualStudioVersion = 10.0.40219.1
Project("{FAE04EC0-301F-11D3-BF4B-00C04F79EFBC}") = "CreditsCSharpDemo", "CreditsCSharpDemo\CreditsCSharpDemo.csproj", "{FBB835D5-0305-43FE-B3A0-DB24F5D506AA}"
EndProject
Global
	GlobalSection(SolutionConfigurationPlatforms) = preSolution
		Debug|Any CPU = Debug|Any CPU
		Release|Any CPU = Release|Any CPU
	EndGlobalSection
	GlobalSection(ProjectConfigurationPlatforms) = postSolution
		{FBB835D5-0305-43FE-B3A0-DB24F5D506AA}.Debug|Any CPU.ActiveCfg = Debug|Any CPU
		{FBB835D5-0305-43FE-B3A0-DB24F5D506AA}.Debug|Any CPU.Build.0 = Debug|Any CPU
		{FBB835D5-0305-43FE-B3A0-DB24F5D506AA}.Release|Any CPU.ActiveCfg = Release|Any CPU
		{FBB835D5-0305-43FE-B3A0-DB24F5D506AA}.Release|Any CPU.Build.0 = Release|Any CPU
	EndGlobalSection
	GlobalSection(SolutionProperties) = preSolution
		HideSolutionNode = FALSE
	EndGlobalSection
	GlobalSection(ExtensibilityGlobals) = postSolution
		SolutionGuid = {AF4986B3-5F6F-43FC-B65E-921930A7BD4A}
	EndGlobalSection
EndGlobal
